<?xml version="1.0" encoding="UTF-8" standalone="yes" ?>
<CodeBlocks_project_file>
	<FileVersion major="1" minor="6" />
	<Project>
		<Option title="BlackJack_C" />
		<Option makefile="makefile" />
		<Option pch_mode="2" />
		<Option compiler="gcc" />
		<Build>
			<Target title="Debug">
				<Option output="bin/Debug/BlackJack_C" prefix_auto="1" extension_auto="1" />
				<Option object_output="obj/Debug/" />
				<Option type="1" />
				<Option compiler="gcc" />
				<Compiler>
					<Add option="-g" />
				</Compiler>
			</Target>
			<Target title="Release">
				<Option output="bin/Release/BlackJack_C" prefix_auto="1" extension_auto="1" />
				<Option object_output="obj/Release/" />
				<Option type="1" />
				<Option compiler="gcc" />
				<Compiler>
					<Add option="-O2" />
				</Compiler>
				<Linker>
					<Add option="-s" />
					<Add option="-Wl,--subsystem,windows" />
				</Linker>
			</Target>
		</Build>
		<Compiler>
			<Add option="-Wall" />
			<Add option="-std=gnu11" />
		</Compiler>
		<Linker>
			<Add library="libgdi32.a" />
		</Linker>
		<Unit filename="BJack.c">
			<Option compilerVar="CC" />
		</Unit>
		<Unit filename="BJack.h" />
		<Unit filename="GenList.c">
			<Option compilerVar="CC" />
		</Unit>
		<Unit filename="GenList.h" />
		<Unit filename="MyWin32.c">
			<Option compilerVar="CC" />
		</Unit>
		<Unit filename="MyWin32.h" />
		<Unit filename="Program.c">
			<Option compilerVar="CC" />
		</Unit>
		<Extensions>
			<code_completion />
			<debugger />
		</Extensions>
	</Project>
</CodeBlocks_project_file>
